
Microsoft Visual Studio Solution File, Format Version 12.00
# Visual Studio 15
VisualStudioVersion = 15.0.28010.2036
MinimumVisualStudioVersion = 10.0.40219.1
Project("{FAE04EC0-301F-11D3-BF4B-00C04F79EFBC}") = "SnakeGame", "SnakeGame\SnakeGame.csproj", "{E24F06E8-934C-419B-98E8-5645059E00C5}"
EndProject
Global
	GlobalSection(SolutionConfigurationPlatforms) = preSolution
		Debug|Any CPU = Debug|Any CPU
		Release|Any CPU = Release|Any CPU
	EndGlobalSection
	GlobalSection(ProjectConfigurationPlatforms) = postSolution
		{E24F06E8-934C-419B-98E8-5645059E00C5}.Debug|Any CPU.ActiveCfg = Debug|Any CPU
		{E24F06E8-934C-419B-98E8-5645059E00C5}.Debug|Any CPU.Build.0 = Debug|Any CPU
		{E24F06E8-934C-419B-98E8-5645059E00C5}.Release|Any CPU.ActiveCfg = Release|Any CPU
		{E24F06E8-934C-419B-98E8-5645059E00C5}.Release|Any CPU.Build.0 = Release|Any CPU
	EndGlobalSection
	GlobalSection(SolutionProperties) = preSolution
		HideSolutionNode = FALSE
	EndGlobalSection
	GlobalSection(ExtensibilityGlobals) = postSolution
		SolutionGuid = {EDFDD28B-9DBD-48CD-9176-FEFD77913AF5}
	EndGlobalSection
EndGlobal
